
Microsoft Visual Studio Solution File, Format Version 12.00
# Visual Studio Version 16
VisualStudioVersion = 16.0.30907.101
MinimumVisualStudioVersion = 10.0.40219.1
Project("{FAE04EC0-301F-11D3-BF4B-00C04F79EFBC}") = "WindowsFormsApp1", "WindowsFormsApp1\WindowsFormsApp1.csproj", "{F55CA75D-49D1-4BD3-915A-B3E6A4D7D1B9}"
EndProject
Global
	GlobalSection(SolutionConfigurationPlatforms) = preSolution
		Debug|Any CPU = Debug|Any CPU
		Release|Any CPU = Release|Any CPU
	EndGlobalSection
	GlobalSection(ProjectConfigurationPlatforms) = postSolution
		{F55CA75D-49D1-4BD3-915A-B3E6A4D7D1B9}.Debug|Any CPU.ActiveCfg = Debug|Any CPU
		{F55CA75D-49D1-4BD3-915A-B3E6A4D7D1B9}.Debug|Any CPU.Build.0 = Debug|Any CPU
		{F55CA75D-49D1-4BD3-915A-B3E6A4D7D1B9}.Release|Any CPU.ActiveCfg = Release|Any CPU
		{F55CA75D-49D1-4BD3-915A-B3E6A4D7D1B9}.Release|Any CPU.Build.0 = Release|Any CPU
	EndGlobalSection
	GlobalSection(SolutionProperties) = preSolution
		HideSolutionNode = FALSE
	EndGlobalSection
	GlobalSection(ExtensibilityGlobals) = postSolution
		SolutionGuid = {B424723E-341C-469C-96EE-BFD76B4ECC47}
	EndGlobalSection
EndGlobal
